{
  "object": {
    "pins": [
      {
        "package": "sdk-br",
        "repositoryURL": "https://github.com/DecibelSDK/SDK_BR.git",
        "state": {
          "branch": null,
          "revision": "441d215a8f26991d43c850e61ba5b60df9a27397",
          "version": "1.0.0"
        }
      }
    ]
  },
  "version": 1
}
